# This file is @generated by PDM.
# It is not intended for manual editing.

[metadata]
groups = ["default"]
strategy = ["inherit_metadata"]
lock_version = "4.5.0"
content_hash = "sha256:95a3f2b52a3c3785dbb0a6522cf38ae1a9b8d72c61ff57938e73c2199077bfc5"

[[metadata.targets]]
requires_python = ">=3.13"

[[package]]
name = "beartype"
version = "0.20.1"
requires_python = ">=3.9"
summary = "Unbearably fast near-real-time hybrid runtime-static type-checking in pure Python."
groups = ["default"]
files = [
    {file = "beartype-0.20.1-py3-none-any.whl", hash = "sha256:0355a795c216d9205f8fe53f33dcc26629295586fa8705562ca74ef997ef7c7f"},
    {file = "beartype-0.20.1.tar.gz", hash = "sha256:7f3127735832a61f7b623654976ba4829f9f02fd7d6d88458b09065f4f842078"},
]

[[package]]
name = "crossplane"
version = "0.5.8"
summary = "Reliable and fast NGINX configuration file parser."
groups = ["default"]
files = [
    {file = "crossplane-0.5.8-py2.py3-none-any.whl", hash = "sha256:ede8e83c9e3a58dfc37c69f5ee065d4b3adc44ae42749ced496962a0e7f545b7"},
    {file = "crossplane-0.5.8.tar.gz", hash = "sha256:b193bd8b963a041d5414ea18dcbb1c55b5424fee3d73bfa1809124605b322101"},
]

[[package]]
name = "silvaviridis-python-common"
version = "0.7.0"
requires_python = ">=3.13"
url = "https://github.com/ruafelianna/SilvaViridis.Python.Common/releases/download/v0.7.0/silvaviridis_python_common-0.7.0-py3-none-any.whl"
summary = "Useful tools for python projects."
groups = ["default"]
dependencies = [
    "beartype>=0.20.1",
]
files = [
    {file = "silvaviridis_python_common-0.7.0-py3-none-any.whl", hash = "sha256:58bfd648c90083b88efae2ac8db6375cef03e93192f83230a48336d66e18ee35"},
]
