# This file is @generated by PDM.
# It is not intended for manual editing.

[metadata]
groups = ["default"]
strategy = ["inherit_metadata"]
lock_version = "4.5.0"
content_hash = "sha256:3efab3e614e12237243ca4815ef9aebfc120c1062773a0628cc980f41c84870c"

[[metadata.targets]]
requires_python = ">=3.13"

[[package]]
name = "beartype"
version = "0.20.0"
requires_python = ">=3.9"
summary = "Unbearably fast near-real-time hybrid runtime-static type-checking in pure Python."
groups = ["default"]
files = [
    {file = "beartype-0.20.0-py3-none-any.whl", hash = "sha256:090d10e3540b3fca209a0ab5f1c15f9652a075da0a7249c2e6713011e9e5f6ef"},
    {file = "beartype-0.20.0.tar.gz", hash = "sha256:599ecc86b88549bcb6d1af626f44d85ffbb9151ace5d7f9f3b493dce2ffee529"},
]

[[package]]
name = "crossplane"
version = "0.5.8"
summary = "Reliable and fast NGINX configuration file parser."
groups = ["default"]
files = [
    {file = "crossplane-0.5.8-py2.py3-none-any.whl", hash = "sha256:ede8e83c9e3a58dfc37c69f5ee065d4b3adc44ae42749ced496962a0e7f545b7"},
    {file = "crossplane-0.5.8.tar.gz", hash = "sha256:b193bd8b963a041d5414ea18dcbb1c55b5424fee3d73bfa1809124605b322101"},
]

[[package]]
name = "silvaviridis-python-common"
version = "0.5.1"
requires_python = ">=3.13"
url = "https://github.com/ruafelianna/SilvaViridis.Python.Common/releases/download/v0.5.1/silvaviridis_python_common-0.5.1-py3-none-any.whl"
summary = "Useful tools for python projects."
groups = ["default"]
files = [
    {file = "silvaviridis_python_common-0.5.1-py3-none-any.whl", hash = "sha256:817218edd84601e316c52eccbe985851eb444a62a4b6fe9cf318525bad7733fa"},
]
